
Microsoft Visual Studio Solution File, Format Version 12.00
# Visual Studio Version 17
VisualStudioVersion = 17.13.35825.156
MinimumVisualStudioVersion = 10.0.40219.1
Project("{FAE04EC0-301F-11D3-BF4B-00C04F79EFBC}") = "UKDBackEnd", "UKDBackEnd\UKDBackEnd.csproj", "{38D5D08F-9D23-44E8-9419-048A7FDB4492}"
EndProject
Project("{FAE04EC0-301F-11D3-BF4B-00C04F79EFBC}") = "Core", "Core\Core.csproj", "{AA5DEFD3-F522-4695-90CB-9A053FF5911B}"
EndProject
Project("{FAE04EC0-301F-11D3-BF4B-00C04F79EFBC}") = "DAL", "DAL\DAL.csproj", "{08E9BBD0-025A-4E1B-9F23-A7C1E4EC7C25}"
EndProject
Global
	GlobalSection(SolutionConfigurationPlatforms) = preSolution
		Debug|Any CPU = Debug|Any CPU
		Release|Any CPU = Release|Any CPU
	EndGlobalSection
	GlobalSection(ProjectConfigurationPlatforms) = postSolution
		{38D5D08F-9D23-44E8-9419-048A7FDB4492}.Debug|Any CPU.ActiveCfg = Debug|Any CPU
		{38D5D08F-9D23-44E8-9419-048A7FDB4492}.Debug|Any CPU.Build.0 = Debug|Any CPU
		{38D5D08F-9D23-44E8-9419-048A7FDB4492}.Release|Any CPU.ActiveCfg = Release|Any CPU
		{38D5D08F-9D23-44E8-9419-048A7FDB4492}.Release|Any CPU.Build.0 = Release|Any CPU
		{AA5DEFD3-F522-4695-90CB-9A053FF5911B}.Debug|Any CPU.ActiveCfg = Debug|Any CPU
		{AA5DEFD3-F522-4695-90CB-9A053FF5911B}.Debug|Any CPU.Build.0 = Debug|Any CPU
		{AA5DEFD3-F522-4695-90CB-9A053FF5911B}.Release|Any CPU.ActiveCfg = Release|Any CPU
		{AA5DEFD3-F522-4695-90CB-9A053FF5911B}.Release|Any CPU.Build.0 = Release|Any CPU
		{08E9BBD0-025A-4E1B-9F23-A7C1E4EC7C25}.Debug|Any CPU.ActiveCfg = Debug|Any CPU
		{08E9BBD0-025A-4E1B-9F23-A7C1E4EC7C25}.Debug|Any CPU.Build.0 = Debug|Any CPU
		{08E9BBD0-025A-4E1B-9F23-A7C1E4EC7C25}.Release|Any CPU.ActiveCfg = Release|Any CPU
		{08E9BBD0-025A-4E1B-9F23-A7C1E4EC7C25}.Release|Any CPU.Build.0 = Release|Any CPU
	EndGlobalSection
	GlobalSection(SolutionProperties) = preSolution
		HideSolutionNode = FALSE
	EndGlobalSection
	GlobalSection(ExtensibilityGlobals) = postSolution
		SolutionGuid = {9E061537-7CCA-4F40-9DB0-BF70ABCA8175}
	EndGlobalSection
EndGlobal
